// !$*UTF8*$!
{
	archiveVersion = 1;
	classes = {
	};
	objectVersion = 46;
	objects = {

/* Begin PBXBuildFile section */
		1C68C5E421242BE400228878 /* YotiSDKDelegate.swift in Sources */ = {isa = PBXBuildFile; fileRef = 1C68C5E321242BE400228878 /* YotiSDKDelegate.swift */; };
		1C68C5E62124364100228878 /* YotiBackendDelegate.swift in Sources */ = {isa = PBXBuildFile; fileRef = 1C68C5E52124364100228878 /* YotiBackendDelegate.swift */; };
		B42E94331F22AD6400159300 /* UIFontExtension.swift in Sources */ = {isa = PBXBuildFile; fileRef = B42E94321F22AD6400159300 /* UIFontExtension.swift */; };
		B42E94361F22B26500159300 /* Roboto-Medium.ttf in Resources */ = {isa = PBXBuildFile; fileRef = B42E94351F22B26500159300 /* Roboto-Medium.ttf */; };
		B42E94841F2368D000159300 /* CallbackBackendService.swift in Sources */ = {isa = PBXBuildFile; fileRef = B42E94831F2368D000159300 /* CallbackBackendService.swift */; };
		B43B0E1A1F22063800CD5E4E /* YotiButtonSDK.framework in Frameworks */ = {isa = PBXBuildFile; fileRef = B43B0E101F22063800CD5E4E /* YotiButtonSDK.framework */; };
		B43B0E1F1F22063800CD5E4E /* YotiButtonSDKTests.swift in Sources */ = {isa = PBXBuildFile; fileRef = B43B0E1E1F22063800CD5E4E /* YotiButtonSDKTests.swift */; };
		B43B0E211F22063800CD5E4E /* YotiButtonSDK.h in Headers */ = {isa = PBXBuildFile; fileRef = B43B0E131F22063800CD5E4E /* YotiButtonSDK.h */; settings = {ATTRIBUTES = (Public, ); }; };
		B43B0E421F2206B600CD5E4E /* EnvironmentConfiguration.swift in Sources */ = {isa = PBXBuildFile; fileRef = B43B0E2E1F2206B600CD5E4E /* EnvironmentConfiguration.swift */; };
		B43B0E431F2206B600CD5E4E /* KernelSDK.swift in Sources */ = {isa = PBXBuildFile; fileRef = B43B0E2F1F2206B600CD5E4E /* KernelSDK.swift */; };
		B43B0E441F2206B600CD5E4E /* HTTPService.swift in Sources */ = {isa = PBXBuildFile; fileRef = B43B0E311F2206B600CD5E4E /* HTTPService.swift */; };
		B43B0E451F2206B600CD5E4E /* RetrieveScenarioService.swift in Sources */ = {isa = PBXBuildFile; fileRef = B43B0E321F2206B600CD5E4E /* RetrieveScenarioService.swift */; };
		B43B0E491F2206B600CD5E4E /* Scenario.swift in Sources */ = {isa = PBXBuildFile; fileRef = B43B0E3A1F2206B600CD5E4E /* Scenario.swift */; };
		B43B0E4A1F2206B600CD5E4E /* ScenarioBuilder.swift in Sources */ = {isa = PBXBuildFile; fileRef = B43B0E3B1F2206B600CD5E4E /* ScenarioBuilder.swift */; };
		B43B0E4B1F2206B600CD5E4E /* ScenarioError.swift in Sources */ = {isa = PBXBuildFile; fileRef = B43B0E3C1F2206B600CD5E4E /* ScenarioError.swift */; };
		B43B0E4F1F2206B600CD5E4E /* YotiSDK.swift in Sources */ = {isa = PBXBuildFile; fileRef = B43B0E411F2206B600CD5E4E /* YotiSDK.swift */; };
		B43B0E521F22070000CD5E4E /* GenericError.swift in Sources */ = {isa = PBXBuildFile; fileRef = B43B0E501F22070000CD5E4E /* GenericError.swift */; };
		B43B0E531F22070000CD5E4E /* NetworkError.swift in Sources */ = {isa = PBXBuildFile; fileRef = B43B0E511F22070000CD5E4E /* NetworkError.swift */; };
		B43B0E561F22075100CD5E4E /* Security.framework in Frameworks */ = {isa = PBXBuildFile; fileRef = B43B0E551F22075100CD5E4E /* Security.framework */; };
		B43B0E581F22075500CD5E4E /* Foundation.framework in Frameworks */ = {isa = PBXBuildFile; fileRef = B43B0E571F22075500CD5E4E /* Foundation.framework */; };
		B43B0E5A1F22075A00CD5E4E /* UIKit.framework in Frameworks */ = {isa = PBXBuildFile; fileRef = B43B0E591F22075A00CD5E4E /* UIKit.framework */; };
		B43B0E5C1F2208A500CD5E4E /* YotiButton.swift in Sources */ = {isa = PBXBuildFile; fileRef = B43B0E5B1F2208A500CD5E4E /* YotiButton.swift */; };
		B43B0E771F220D2D00CD5E4E /* UIColorExtension.swift in Sources */ = {isa = PBXBuildFile; fileRef = B43B0E761F220D2D00CD5E4E /* UIColorExtension.swift */; };
		B4D1ED061F221F27002C01DE /* Images.xcassets in Resources */ = {isa = PBXBuildFile; fileRef = B4D1ED051F221F27002C01DE /* Images.xcassets */; };
/* End PBXBuildFile section */

/* Begin PBXContainerItemProxy section */
		B43B0E1B1F22063800CD5E4E /* PBXContainerItemProxy */ = {
			isa = PBXContainerItemProxy;
			containerPortal = B43B0E071F22063800CD5E4E /* Project object */;
			proxyType = 1;
			remoteGlobalIDString = B43B0E0F1F22063800CD5E4E;
			remoteInfo = YotiButtonSDK;
		};
/* End PBXContainerItemProxy section */

/* Begin PBXFileReference section */
		1C68C5E321242BE400228878 /* YotiSDKDelegate.swift */ = {isa = PBXFileReference; lastKnownFileType = sourcecode.swift; path = YotiSDKDelegate.swift; sourceTree = "<group>"; };
		1C68C5E52124364100228878 /* YotiBackendDelegate.swift */ = {isa = PBXFileReference; lastKnownFileType = sourcecode.swift; path = YotiBackendDelegate.swift; sourceTree = "<group>"; };
		B42E94321F22AD6400159300 /* UIFontExtension.swift */ = {isa = PBXFileReference; fileEncoding = 4; lastKnownFileType = sourcecode.swift; path = UIFontExtension.swift; sourceTree = "<group>"; };
		B42E94351F22B26500159300 /* Roboto-Medium.ttf */ = {isa = PBXFileReference; lastKnownFileType = file; path = "Roboto-Medium.ttf"; sourceTree = "<group>"; };
		B42E94831F2368D000159300 /* CallbackBackendService.swift */ = {isa = PBXFileReference; fileEncoding = 4; lastKnownFileType = sourcecode.swift; path = CallbackBackendService.swift; sourceTree = "<group>"; };
		B43B0E101F22063800CD5E4E /* YotiButtonSDK.framework */ = {isa = PBXFileReference; explicitFileType = wrapper.framework; includeInIndex = 0; path = YotiButtonSDK.framework; sourceTree = BUILT_PRODUCTS_DIR; };
		B43B0E131F22063800CD5E4E /* YotiButtonSDK.h */ = {isa = PBXFileReference; lastKnownFileType = sourcecode.c.h; path = YotiButtonSDK.h; sourceTree = "<group>"; };
		B43B0E141F22063800CD5E4E /* Info.plist */ = {isa = PBXFileReference; lastKnownFileType = text.plist.xml; path = Info.plist; sourceTree = "<group>"; };
		B43B0E191F22063800CD5E4E /* YotiButtonSDKTests.xctest */ = {isa = PBXFileReference; explicitFileType = wrapper.cfbundle; includeInIndex = 0; path = YotiButtonSDKTests.xctest; sourceTree = BUILT_PRODUCTS_DIR; };
		B43B0E1E1F22063800CD5E4E /* YotiButtonSDKTests.swift */ = {isa = PBXFileReference; lastKnownFileType = sourcecode.swift; path = YotiButtonSDKTests.swift; sourceTree = "<group>"; };
		B43B0E201F22063800CD5E4E /* Info.plist */ = {isa = PBXFileReference; lastKnownFileType = text.plist.xml; path = Info.plist; sourceTree = "<group>"; };
		B43B0E2E1F2206B600CD5E4E /* EnvironmentConfiguration.swift */ = {isa = PBXFileReference; fileEncoding = 4; lastKnownFileType = sourcecode.swift; path = EnvironmentConfiguration.swift; sourceTree = "<group>"; };
		B43B0E2F1F2206B600CD5E4E /* KernelSDK.swift */ = {isa = PBXFileReference; fileEncoding = 4; lastKnownFileType = sourcecode.swift; path = KernelSDK.swift; sourceTree = "<group>"; };
		B43B0E311F2206B600CD5E4E /* HTTPService.swift */ = {isa = PBXFileReference; fileEncoding = 4; lastKnownFileType = sourcecode.swift; path = HTTPService.swift; sourceTree = "<group>"; };
		B43B0E321F2206B600CD5E4E /* RetrieveScenarioService.swift */ = {isa = PBXFileReference; fileEncoding = 4; lastKnownFileType = sourcecode.swift; path = RetrieveScenarioService.swift; sourceTree = "<group>"; };
		B43B0E3A1F2206B600CD5E4E /* Scenario.swift */ = {isa = PBXFileReference; fileEncoding = 4; lastKnownFileType = sourcecode.swift; path = Scenario.swift; sourceTree = "<group>"; };
		B43B0E3B1F2206B600CD5E4E /* ScenarioBuilder.swift */ = {isa = PBXFileReference; fileEncoding = 4; lastKnownFileType = sourcecode.swift; path = ScenarioBuilder.swift; sourceTree = "<group>"; };
		B43B0E3C1F2206B600CD5E4E /* ScenarioError.swift */ = {isa = PBXFileReference; fileEncoding = 4; lastKnownFileType = sourcecode.swift; path = ScenarioError.swift; sourceTree = "<group>"; };
		B43B0E411F2206B600CD5E4E /* YotiSDK.swift */ = {isa = PBXFileReference; fileEncoding = 4; lastKnownFileType = sourcecode.swift; path = YotiSDK.swift; sourceTree = "<group>"; };
		B43B0E501F22070000CD5E4E /* GenericError.swift */ = {isa = PBXFileReference; fileEncoding = 4; lastKnownFileType = sourcecode.swift; path = GenericError.swift; sourceTree = "<group>"; };
		B43B0E511F22070000CD5E4E /* NetworkError.swift */ = {isa = PBXFileReference; fileEncoding = 4; lastKnownFileType = sourcecode.swift; path = NetworkError.swift; sourceTree = "<group>"; };
		B43B0E551F22075100CD5E4E /* Security.framework */ = {isa = PBXFileReference; lastKnownFileType = wrapper.framework; name = Security.framework; path = System/Library/Frameworks/Security.framework; sourceTree = SDKROOT; };
		B43B0E571F22075500CD5E4E /* Foundation.framework */ = {isa = PBXFileReference; lastKnownFileType = wrapper.framework; name = Foundation.framework; path = System/Library/Frameworks/Foundation.framework; sourceTree = SDKROOT; };
		B43B0E591F22075A00CD5E4E /* UIKit.framework */ = {isa = PBXFileReference; lastKnownFileType = wrapper.framework; name = UIKit.framework; path = System/Library/Frameworks/UIKit.framework; sourceTree = SDKROOT; };
		B43B0E5B1F2208A500CD5E4E /* YotiButton.swift */ = {isa = PBXFileReference; fileEncoding = 4; lastKnownFileType = sourcecode.swift; path = YotiButton.swift; sourceTree = "<group>"; };
		B43B0E761F220D2D00CD5E4E /* UIColorExtension.swift */ = {isa = PBXFileReference; fileEncoding = 4; lastKnownFileType = sourcecode.swift; path = UIColorExtension.swift; sourceTree = "<group>"; };
		B4D1ED051F221F27002C01DE /* Images.xcassets */ = {isa = PBXFileReference; lastKnownFileType = folder.assetcatalog; path = Images.xcassets; sourceTree = "<group>"; };
/* End PBXFileReference section */

/* Begin PBXFrameworksBuildPhase section */
		B43B0E0C1F22063800CD5E4E /* Frameworks */ = {
			isa = PBXFrameworksBuildPhase;
			buildActionMask = 2147483647;
			files = (
				B43B0E581F22075500CD5E4E /* Foundation.framework in Frameworks */,
				B43B0E561F22075100CD5E4E /* Security.framework in Frameworks */,
				B43B0E5A1F22075A00CD5E4E /* UIKit.framework in Frameworks */,
			);
			runOnlyForDeploymentPostprocessing = 0;
		};
		B43B0E161F22063800CD5E4E /* Frameworks */ = {
			isa = PBXFrameworksBuildPhase;
			buildActionMask = 2147483647;
			files = (
				B43B0E1A1F22063800CD5E4E /* YotiButtonSDK.framework in Frameworks */,
			);
			runOnlyForDeploymentPostprocessing = 0;
		};
/* End PBXFrameworksBuildPhase section */

/* Begin PBXGroup section */
		B43B0E061F22063800CD5E4E = {
			isa = PBXGroup;
			children = (
				B43B0E121F22063800CD5E4E /* YotiButtonSDK */,
				B43B0E1D1F22063800CD5E4E /* YotiButtonSDKTests */,
				B43B0E111F22063800CD5E4E /* Products */,
				B43B0E541F22075100CD5E4E /* Frameworks */,
			);
			sourceTree = "<group>";
		};
		B43B0E111F22063800CD5E4E /* Products */ = {
			isa = PBXGroup;
			children = (
				B43B0E101F22063800CD5E4E /* YotiButtonSDK.framework */,
				B43B0E191F22063800CD5E4E /* YotiButtonSDKTests.xctest */,
			);
			name = Products;
			sourceTree = "<group>";
		};
		B43B0E121F22063800CD5E4E /* YotiButtonSDK */ = {
			isa = PBXGroup;
			children = (
				B43B0E2D1F2206B600CD5E4E /* Kernel */,
				B43B0E331F2206B600CD5E4E /* Model */,
				B43B0E3D1F2206B600CD5E4E /* Resources */,
				B43B0E751F220D1F00CD5E4E /* Extension */,
				B43B0E411F2206B600CD5E4E /* YotiSDK.swift */,
				1C68C5E52124364100228878 /* YotiBackendDelegate.swift */,
				1C68C5E321242BE400228878 /* YotiSDKDelegate.swift */,
				B43B0E5B1F2208A500CD5E4E /* YotiButton.swift */,
				B43B0E131F22063800CD5E4E /* YotiButtonSDK.h */,
				B43B0E141F22063800CD5E4E /* Info.plist */,
			);
			path = YotiButtonSDK;
			sourceTree = "<group>";
		};
		B43B0E1D1F22063800CD5E4E /* YotiButtonSDKTests */ = {
			isa = PBXGroup;
			children = (
				B43B0E1E1F22063800CD5E4E /* YotiButtonSDKTests.swift */,
				B43B0E201F22063800CD5E4E /* Info.plist */,
			);
			path = YotiButtonSDKTests;
			sourceTree = "<group>";
		};
		B43B0E2D1F2206B600CD5E4E /* Kernel */ = {
			isa = PBXGroup;
			children = (
				B43B0E2E1F2206B600CD5E4E /* EnvironmentConfiguration.swift */,
				B43B0E2F1F2206B600CD5E4E /* KernelSDK.swift */,
				B43B0E301F2206B600CD5E4E /* Service */,
			);
			path = Kernel;
			sourceTree = "<group>";
		};
		B43B0E301F2206B600CD5E4E /* Service */ = {
			isa = PBXGroup;
			children = (
				B43B0E311F2206B600CD5E4E /* HTTPService.swift */,
				B43B0E321F2206B600CD5E4E /* RetrieveScenarioService.swift */,
				B42E94831F2368D000159300 /* CallbackBackendService.swift */,
			);
			path = Service;
			sourceTree = "<group>";
		};
		B43B0E331F2206B600CD5E4E /* Model */ = {
			isa = PBXGroup;
			children = (
				B43B0E361F2206B600CD5E4E /* Error */,
				B43B0E391F2206B600CD5E4E /* Scenario */,
			);
			path = Model;
			sourceTree = "<group>";
		};
		B43B0E361F2206B600CD5E4E /* Error */ = {
			isa = PBXGroup;
			children = (
				B43B0E501F22070000CD5E4E /* GenericError.swift */,
				B43B0E511F22070000CD5E4E /* NetworkError.swift */,
			);
			path = Error;
			sourceTree = "<group>";
		};
		B43B0E391F2206B600CD5E4E /* Scenario */ = {
			isa = PBXGroup;
			children = (
				B43B0E3A1F2206B600CD5E4E /* Scenario.swift */,
				B43B0E3B1F2206B600CD5E4E /* ScenarioBuilder.swift */,
				B43B0E3C1F2206B600CD5E4E /* ScenarioError.swift */,
			);
			path = Scenario;
			sourceTree = "<group>";
		};
		B43B0E3D1F2206B600CD5E4E /* Resources */ = {
			isa = PBXGroup;
			children = (
				B42E94351F22B26500159300 /* Roboto-Medium.ttf */,
				B4D1ED051F221F27002C01DE /* Images.xcassets */,
			);
			path = Resources;
			sourceTree = "<group>";
		};
		B43B0E541F22075100CD5E4E /* Frameworks */ = {
			isa = PBXGroup;
			children = (
				B43B0E591F22075A00CD5E4E /* UIKit.framework */,
				B43B0E571F22075500CD5E4E /* Foundation.framework */,
				B43B0E551F22075100CD5E4E /* Security.framework */,
			);
			name = Frameworks;
			sourceTree = "<group>";
		};
		B43B0E751F220D1F00CD5E4E /* Extension */ = {
			isa = PBXGroup;
			children = (
				B43B0E761F220D2D00CD5E4E /* UIColorExtension.swift */,
				B42E94321F22AD6400159300 /* UIFontExtension.swift */,
			);
			path = Extension;
			sourceTree = "<group>";
		};
/* End PBXGroup section */

/* Begin PBXHeadersBuildPhase section */
		B43B0E0D1F22063800CD5E4E /* Headers */ = {
			isa = PBXHeadersBuildPhase;
			buildActionMask = 2147483647;
			files = (
				B43B0E211F22063800CD5E4E /* YotiButtonSDK.h in Headers */,
			);
			runOnlyForDeploymentPostprocessing = 0;
		};
/* End PBXHeadersBuildPhase section */

/* Begin PBXNativeTarget section */
		B43B0E0F1F22063800CD5E4E /* YotiButtonSDK */ = {
			isa = PBXNativeTarget;
			buildConfigurationList = B43B0E241F22063800CD5E4E /* Build configuration list for PBXNativeTarget "YotiButtonSDK" */;
			buildPhases = (
				B43B0E0B1F22063800CD5E4E /* Sources */,
				B43B0E0C1F22063800CD5E4E /* Frameworks */,
				B43B0E0D1F22063800CD5E4E /* Headers */,
				B43B0E0E1F22063800CD5E4E /* Resources */,
			);
			buildRules = (
			);
			dependencies = (
			);
			name = YotiButtonSDK;
			productName = YotiButtonSDK;
			productReference = B43B0E101F22063800CD5E4E /* YotiButtonSDK.framework */;
			productType = "com.apple.product-type.framework";
		};
		B43B0E181F22063800CD5E4E /* YotiButtonSDKTests */ = {
			isa = PBXNativeTarget;
			buildConfigurationList = B43B0E271F22063800CD5E4E /* Build configuration list for PBXNativeTarget "YotiButtonSDKTests" */;
			buildPhases = (
				B43B0E151F22063800CD5E4E /* Sources */,
				B43B0E161F22063800CD5E4E /* Frameworks */,
				B43B0E171F22063800CD5E4E /* Resources */,
			);
			buildRules = (
			);
			dependencies = (
				B43B0E1C1F22063800CD5E4E /* PBXTargetDependency */,
			);
			name = YotiButtonSDKTests;
			productName = YotiButtonSDKTests;
			productReference = B43B0E191F22063800CD5E4E /* YotiButtonSDKTests.xctest */;
			productType = "com.apple.product-type.bundle.unit-test";
		};
/* End PBXNativeTarget section */

/* Begin PBXProject section */
		B43B0E071F22063800CD5E4E /* Project object */ = {
			isa = PBXProject;
			attributes = {
				LastSwiftUpdateCheck = 0830;
				LastUpgradeCheck = 0940;
				ORGANIZATIONNAME = "Yoti Limited";
				TargetAttributes = {
					B43B0E0F1F22063800CD5E4E = {
						CreatedOnToolsVersion = 8.3.3;
						DevelopmentTeam = 6VUTP72GG4;
						LastSwiftMigration = 0830;
						ProvisioningStyle = Automatic;
					};
					B43B0E181F22063800CD5E4E = {
						CreatedOnToolsVersion = 8.3.3;
						DevelopmentTeam = 6VUTP72GG4;
						ProvisioningStyle = Automatic;
					};
				};
			};
			buildConfigurationList = B43B0E0A1F22063800CD5E4E /* Build configuration list for PBXProject "YotiButtonSDK" */;
			compatibilityVersion = "Xcode 3.2";
			developmentRegion = English;
			hasScannedForEncodings = 0;
			knownRegions = (
				en,
				Base,
			);
			mainGroup = B43B0E061F22063800CD5E4E;
			productRefGroup = B43B0E111F22063800CD5E4E /* Products */;
			projectDirPath = "";
			projectRoot = "";
			targets = (
				B43B0E0F1F22063800CD5E4E /* YotiButtonSDK */,
				B43B0E181F22063800CD5E4E /* YotiButtonSDKTests */,
			);
		};
/* End PBXProject section */

/* Begin PBXResourcesBuildPhase section */
		B43B0E0E1F22063800CD5E4E /* Resources */ = {
			isa = PBXResourcesBuildPhase;
			buildActionMask = 2147483647;
			files = (
				B42E94361F22B26500159300 /* Roboto-Medium.ttf in Resources */,
				B4D1ED061F221F27002C01DE /* Images.xcassets in Resources */,
			);
			runOnlyForDeploymentPostprocessing = 0;
		};
		B43B0E171F22063800CD5E4E /* Resources */ = {
			isa = PBXResourcesBuildPhase;
			buildActionMask = 2147483647;
			files = (
			);
			runOnlyForDeploymentPostprocessing = 0;
		};
/* End PBXResourcesBuildPhase section */

/* Begin PBXSourcesBuildPhase section */
		B43B0E0B1F22063800CD5E4E /* Sources */ = {
			isa = PBXSourcesBuildPhase;
			buildActionMask = 2147483647;
			files = (
				B43B0E5C1F2208A500CD5E4E /* YotiButton.swift in Sources */,
				B42E94841F2368D000159300 /* CallbackBackendService.swift in Sources */,
				B43B0E441F2206B600CD5E4E /* HTTPService.swift in Sources */,
				B43B0E4A1F2206B600CD5E4E /* ScenarioBuilder.swift in Sources */,
				B43B0E421F2206B600CD5E4E /* EnvironmentConfiguration.swift in Sources */,
				B43B0E491F2206B600CD5E4E /* Scenario.swift in Sources */,
				B43B0E771F220D2D00CD5E4E /* UIColorExtension.swift in Sources */,
				B43B0E431F2206B600CD5E4E /* KernelSDK.swift in Sources */,
				B43B0E4F1F2206B600CD5E4E /* YotiSDK.swift in Sources */,
				B43B0E4B1F2206B600CD5E4E /* ScenarioError.swift in Sources */,
				B42E94331F22AD6400159300 /* UIFontExtension.swift in Sources */,
				B43B0E521F22070000CD5E4E /* GenericError.swift in Sources */,
				1C68C5E62124364100228878 /* YotiBackendDelegate.swift in Sources */,
				1C68C5E421242BE400228878 /* YotiSDKDelegate.swift in Sources */,
				B43B0E531F22070000CD5E4E /* NetworkError.swift in Sources */,
				B43B0E451F2206B600CD5E4E /* RetrieveScenarioService.swift in Sources */,
			);
			runOnlyForDeploymentPostprocessing = 0;
		};
		B43B0E151F22063800CD5E4E /* Sources */ = {
			isa = PBXSourcesBuildPhase;
			buildActionMask = 2147483647;
			files = (
				B43B0E1F1F22063800CD5E4E /* YotiButtonSDKTests.swift in Sources */,
			);
			runOnlyForDeploymentPostprocessing = 0;
		};
/* End PBXSourcesBuildPhase section */

/* Begin PBXTargetDependency section */
		B43B0E1C1F22063800CD5E4E /* PBXTargetDependency */ = {
			isa = PBXTargetDependency;
			target = B43B0E0F1F22063800CD5E4E /* YotiButtonSDK */;
			targetProxy = B43B0E1B1F22063800CD5E4E /* PBXContainerItemProxy */;
		};
/* End PBXTargetDependency section */

/* Begin XCBuildConfiguration section */
		39C6B0802020C30C002C2CEB /* Debug */ = {
			isa = XCBuildConfiguration;
			buildSettings = {
				ALWAYS_SEARCH_USER_PATHS = NO;
				CLANG_ANALYZER_NONNULL = YES;
				CLANG_ANALYZER_NUMBER_OBJECT_CONVERSION = YES_AGGRESSIVE;
				CLANG_CXX_LANGUAGE_STANDARD = "gnu++0x";
				CLANG_CXX_LIBRARY = "libc++";
				CLANG_ENABLE_MODULES = YES;
				CLANG_ENABLE_OBJC_ARC = YES;
				CLANG_WARN_BLOCK_CAPTURE_AUTORELEASING = YES;
				CLANG_WARN_BOOL_CONVERSION = YES;
				CLANG_WARN_COMMA = YES;
				CLANG_WARN_CONSTANT_CONVERSION = YES;
				CLANG_WARN_DEPRECATED_OBJC_IMPLEMENTATIONS = YES;
				CLANG_WARN_DIRECT_OBJC_ISA_USAGE = YES_ERROR;
				CLANG_WARN_DOCUMENTATION_COMMENTS = YES;
				CLANG_WARN_EMPTY_BODY = YES;
				CLANG_WARN_ENUM_CONVERSION = YES;
				CLANG_WARN_INFINITE_RECURSION = YES;
				CLANG_WARN_INT_CONVERSION = YES;
				CLANG_WARN_NON_LITERAL_NULL_CONVERSION = YES;
				CLANG_WARN_OBJC_IMPLICIT_RETAIN_SELF = YES;
				CLANG_WARN_OBJC_LITERAL_CONVERSION = YES;
				CLANG_WARN_OBJC_ROOT_CLASS = YES_ERROR;
				CLANG_WARN_RANGE_LOOP_ANALYSIS = YES;
				CLANG_WARN_STRICT_PROTOTYPES = YES;
				CLANG_WARN_SUSPICIOUS_MOVE = YES;
				CLANG_WARN_UNREACHABLE_CODE = YES;
				CLANG_WARN__DUPLICATE_METHOD_MATCH = YES;
				"CODE_SIGN_IDENTITY[sdk=iphoneos*]" = "iPhone Developer";
				COPY_PHASE_STRIP = NO;
				CURRENT_PROJECT_VERSION = 1;
				DEBUG_INFORMATION_FORMAT = "dwarf-with-dsym";
				ENABLE_NS_ASSERTIONS = NO;
				ENABLE_STRICT_OBJC_MSGSEND = YES;
				ENABLE_TESTABILITY = YES;
				GCC_C_LANGUAGE_STANDARD = gnu99;
				GCC_NO_COMMON_BLOCKS = YES;
				GCC_WARN_64_TO_32_BIT_CONVERSION = YES;
				GCC_WARN_ABOUT_RETURN_TYPE = YES_ERROR;
				GCC_WARN_UNDECLARED_SELECTOR = YES;
				GCC_WARN_UNINITIALIZED_AUTOS = YES_AGGRESSIVE;
				GCC_WARN_UNUSED_FUNCTION = YES;
				GCC_WARN_UNUSED_VARIABLE = YES;
				IPHONEOS_DEPLOYMENT_TARGET = 9.0;
				MTL_ENABLE_DEBUG_INFO = NO;
				ONLY_ACTIVE_ARCH = YES;
				SDKROOT = iphoneos;
				SWIFT_OPTIMIZATION_LEVEL = "-Owholemodule";
				SWIFT_VERSION = 4.2;
				TARGETED_DEVICE_FAMILY = "1,2";
				VALIDATE_PRODUCT = YES;
				VERSIONING_SYSTEM = "apple-generic";
				VERSION_INFO_PREFIX = "";
			};
			name = Debug;
		};
		39C6B0812020C30C002C2CEB /* Debug */ = {
			isa = XCBuildConfiguration;
			buildSettings = {
				CLANG_ENABLE_MODULES = YES;
				CODE_SIGN_IDENTITY = "";
				DEFINES_MODULE = YES;
				DEVELOPMENT_TEAM = 6VUTP72GG4;
				DYLIB_COMPATIBILITY_VERSION = 1;
				DYLIB_CURRENT_VERSION = 2.0;
				DYLIB_INSTALL_NAME_BASE = "@rpath";
				INFOPLIST_FILE = YotiButtonSDK/Info.plist;
				INSTALL_PATH = "$(LOCAL_LIBRARY_DIR)/Frameworks";
				LD_RUNPATH_SEARCH_PATHS = "$(inherited) @executable_path/Frameworks @loader_path/Frameworks";
				ONLY_ACTIVE_ARCH = YES;
				PRODUCT_BUNDLE_IDENTIFIER = com.yoti.mobile.ios.sdk.YotiButton;
				PRODUCT_NAME = "$(TARGET_NAME)";
				SKIP_INSTALL = YES;
				STRIP_SWIFT_SYMBOLS = NO;
			};
			name = Debug;
		};
		39C6B0822020C30C002C2CEB /* Debug */ = {
			isa = XCBuildConfiguration;
			buildSettings = {
				ALWAYS_EMBED_SWIFT_STANDARD_LIBRARIES = YES;
				DEVELOPMENT_TEAM = 6VUTP72GG4;
				INFOPLIST_FILE = YotiButtonSDKTests/Info.plist;
				LD_RUNPATH_SEARCH_PATHS = "$(inherited) @executable_path/Frameworks @loader_path/Frameworks";
				PRODUCT_BUNDLE_IDENTIFIER = com.yoti.mobile.ios.sdk.YotiButtonSDKTests;
				PRODUCT_NAME = "$(TARGET_NAME)";
			};
			name = Debug;
		};
		B43B0E231F22063800CD5E4E /* Production */ = {
			isa = XCBuildConfiguration;
			buildSettings = {
				ALWAYS_SEARCH_USER_PATHS = NO;
				CLANG_ANALYZER_NONNULL = YES;
				CLANG_ANALYZER_NUMBER_OBJECT_CONVERSION = YES_AGGRESSIVE;
				CLANG_CXX_LANGUAGE_STANDARD = "gnu++0x";
				CLANG_CXX_LIBRARY = "libc++";
				CLANG_ENABLE_MODULES = YES;
				CLANG_ENABLE_OBJC_ARC = YES;
				CLANG_WARN_BLOCK_CAPTURE_AUTORELEASING = YES;
				CLANG_WARN_BOOL_CONVERSION = YES;
				CLANG_WARN_COMMA = YES;
				CLANG_WARN_CONSTANT_CONVERSION = YES;
				CLANG_WARN_DEPRECATED_OBJC_IMPLEMENTATIONS = YES;
				CLANG_WARN_DIRECT_OBJC_ISA_USAGE = YES_ERROR;
				CLANG_WARN_DOCUMENTATION_COMMENTS = YES;
				CLANG_WARN_EMPTY_BODY = YES;
				CLANG_WARN_ENUM_CONVERSION = YES;
				CLANG_WARN_INFINITE_RECURSION = YES;
				CLANG_WARN_INT_CONVERSION = YES;
				CLANG_WARN_NON_LITERAL_NULL_CONVERSION = YES;
				CLANG_WARN_OBJC_IMPLICIT_RETAIN_SELF = YES;
				CLANG_WARN_OBJC_LITERAL_CONVERSION = YES;
				CLANG_WARN_OBJC_ROOT_CLASS = YES_ERROR;
				CLANG_WARN_RANGE_LOOP_ANALYSIS = YES;
				CLANG_WARN_STRICT_PROTOTYPES = YES;
				CLANG_WARN_SUSPICIOUS_MOVE = YES;
				CLANG_WARN_UNREACHABLE_CODE = YES;
				CLANG_WARN__DUPLICATE_METHOD_MATCH = YES;
				"CODE_SIGN_IDENTITY[sdk=iphoneos*]" = "iPhone Developer";
				COPY_PHASE_STRIP = NO;
				CURRENT_PROJECT_VERSION = 1;
				DEBUG_INFORMATION_FORMAT = "dwarf-with-dsym";
				ENABLE_NS_ASSERTIONS = NO;
				ENABLE_STRICT_OBJC_MSGSEND = YES;
				GCC_C_LANGUAGE_STANDARD = gnu99;
				GCC_NO_COMMON_BLOCKS = YES;
				GCC_WARN_64_TO_32_BIT_CONVERSION = YES;
				GCC_WARN_ABOUT_RETURN_TYPE = YES_ERROR;
				GCC_WARN_UNDECLARED_SELECTOR = YES;
				GCC_WARN_UNINITIALIZED_AUTOS = YES_AGGRESSIVE;
				GCC_WARN_UNUSED_FUNCTION = YES;
				GCC_WARN_UNUSED_VARIABLE = YES;
				IPHONEOS_DEPLOYMENT_TARGET = 9.0;
				MTL_ENABLE_DEBUG_INFO = NO;
				SDKROOT = iphoneos;
				SWIFT_OPTIMIZATION_LEVEL = "-Owholemodule";
				SWIFT_VERSION = 4.2;
				TARGETED_DEVICE_FAMILY = "1,2";
				VALIDATE_PRODUCT = YES;
				VERSIONING_SYSTEM = "apple-generic";
				VERSION_INFO_PREFIX = "";
			};
			name = Production;
		};
		B43B0E261F22063800CD5E4E /* Production */ = {
			isa = XCBuildConfiguration;
			buildSettings = {
				CLANG_ENABLE_MODULES = YES;
				CODE_SIGN_IDENTITY = "";
				DEFINES_MODULE = YES;
				DEVELOPMENT_TEAM = 6VUTP72GG4;
				DYLIB_COMPATIBILITY_VERSION = 1;
				DYLIB_CURRENT_VERSION = 2.0;
				DYLIB_INSTALL_NAME_BASE = "@rpath";
				INFOPLIST_FILE = YotiButtonSDK/Info.plist;
				INSTALL_PATH = "$(LOCAL_LIBRARY_DIR)/Frameworks";
				LD_RUNPATH_SEARCH_PATHS = "$(inherited) @executable_path/Frameworks @loader_path/Frameworks";
				PRODUCT_BUNDLE_IDENTIFIER = com.yoti.mobile.ios.sdk.YotiButton;
				PRODUCT_NAME = "$(TARGET_NAME)";
				SKIP_INSTALL = YES;
			};
			name = Production;
		};
		B43B0E291F22063800CD5E4E /* Production */ = {
			isa = XCBuildConfiguration;
			buildSettings = {
				ALWAYS_EMBED_SWIFT_STANDARD_LIBRARIES = YES;
				DEVELOPMENT_TEAM = 6VUTP72GG4;
				INFOPLIST_FILE = YotiButtonSDKTests/Info.plist;
				LD_RUNPATH_SEARCH_PATHS = "$(inherited) @executable_path/Frameworks @loader_path/Frameworks";
				PRODUCT_BUNDLE_IDENTIFIER = com.yoti.mobile.ios.sdk.YotiButtonSDKTests;
				PRODUCT_NAME = "$(TARGET_NAME)";
			};
			name = Production;
		};
/* End XCBuildConfiguration section */

/* Begin XCConfigurationList section */
		B43B0E0A1F22063800CD5E4E /* Build configuration list for PBXProject "YotiButtonSDK" */ = {
			isa = XCConfigurationList;
			buildConfigurations = (
				B43B0E231F22063800CD5E4E /* Production */,
				39C6B0802020C30C002C2CEB /* Debug */,
			);
			defaultConfigurationIsVisible = 0;
			defaultConfigurationName = Production;
		};
		B43B0E241F22063800CD5E4E /* Build configuration list for PBXNativeTarget "YotiButtonSDK" */ = {
			isa = XCConfigurationList;
			buildConfigurations = (
				B43B0E261F22063800CD5E4E /* Production */,
				39C6B0812020C30C002C2CEB /* Debug */,
			);
			defaultConfigurationIsVisible = 0;
			defaultConfigurationName = Production;
		};
		B43B0E271F22063800CD5E4E /* Build configuration list for PBXNativeTarget "YotiButtonSDKTests" */ = {
			isa = XCConfigurationList;
			buildConfigurations = (
				B43B0E291F22063800CD5E4E /* Production */,
				39C6B0822020C30C002C2CEB /* Debug */,
			);
			defaultConfigurationIsVisible = 0;
			defaultConfigurationName = Production;
		};
/* End XCConfigurationList section */
	};
	rootObject = B43B0E071F22063800CD5E4E /* Project object */;
}
