{
  "object": {
    "pins": [
      {
        "package": "YotiButtonSDK",
        "repositoryURL": "https://github.com/getyoti/ios-sdk-button.git",
        "state": {
          "branch": null,
          "revision": "869fceaf4ac6837d7df29b888f5343a8ab7e40a8",
          "version": "4.0.0"
        }
      }
    ]
  },
  "version": 1
}
